
Microsoft Visual Studio Solution File, Format Version 12.00
# Visual Studio Version 16
VisualStudioVersion = 25.0.1706.4
MinimumVisualStudioVersion = 10.0.40219.1
Project("{FAE04EC0-301F-11D3-BF4B-00C04F79EFBC}") = "employee", "employee\employee.csproj", "{455C0AA5-951E-42FE-9C49-4B85C3D25A7F}"
EndProject
Global
	GlobalSection(SolutionConfigurationPlatforms) = preSolution
		Debug|Any CPU = Debug|Any CPU
		Release|Any CPU = Release|Any CPU
	EndGlobalSection
	GlobalSection(ProjectConfigurationPlatforms) = postSolution
		{455C0AA5-951E-42FE-9C49-4B85C3D25A7F}.Debug|Any CPU.ActiveCfg = Debug|Any CPU
		{455C0AA5-951E-42FE-9C49-4B85C3D25A7F}.Debug|Any CPU.Build.0 = Debug|Any CPU
		{455C0AA5-951E-42FE-9C49-4B85C3D25A7F}.Release|Any CPU.ActiveCfg = Release|Any CPU
		{455C0AA5-951E-42FE-9C49-4B85C3D25A7F}.Release|Any CPU.Build.0 = Release|Any CPU
	EndGlobalSection
	GlobalSection(SolutionProperties) = preSolution
		HideSolutionNode = FALSE
	EndGlobalSection
	GlobalSection(ExtensibilityGlobals) = postSolution
		SolutionGuid = {4E575CD1-4B09-46D0-8EC7-F21D2B80C411}
	EndGlobalSection
EndGlobal
